
Microsoft Visual Studio Solution File, Format Version 12.00
# Visual Studio Version 17
VisualStudioVersion = 17.5.33530.505
MinimumVisualStudioVersion = 10.0.40219.1
Project("{FAE04EC0-301F-11D3-BF4B-00C04F79EFBC}") = "Register", "Register\Register.csproj", "{BAEEB063-82A6-4422-BE9D-13A60A966B11}"
EndProject
Global
	GlobalSection(SolutionConfigurationPlatforms) = preSolution
		Debug|Any CPU = Debug|Any CPU
		Release|Any CPU = Release|Any CPU
	EndGlobalSection
	GlobalSection(ProjectConfigurationPlatforms) = postSolution
		{BAEEB063-82A6-4422-BE9D-13A60A966B11}.Debug|Any CPU.ActiveCfg = Debug|Any CPU
		{BAEEB063-82A6-4422-BE9D-13A60A966B11}.Debug|Any CPU.Build.0 = Debug|Any CPU
		{BAEEB063-82A6-4422-BE9D-13A60A966B11}.Release|Any CPU.ActiveCfg = Release|Any CPU
		{BAEEB063-82A6-4422-BE9D-13A60A966B11}.Release|Any CPU.Build.0 = Release|Any CPU
	EndGlobalSection
	GlobalSection(SolutionProperties) = preSolution
		HideSolutionNode = FALSE
	EndGlobalSection
	GlobalSection(ExtensibilityGlobals) = postSolution
		SolutionGuid = {68F4E3B4-D2D5-451D-B343-B1336A00D5E1}
	EndGlobalSection
EndGlobal
